{
  "name": "ink-utils",
  "version": "1.0.0",
  "lockfileVersion": 2,
  "requires": true,
  "packages": {
    "": {
      "version": "1.0.0",
      "license": "ISC",
      "dependencies": {
        "ink-utils": "file:",
        "webpack": "^4.41.5",
        "webpack-cli": "^3.3.10"
      }
    }
  }
}
